// !$*UTF8*$!
{
	archiveVersion = 1;
	classes = {
	};
	objectVersion = 56;
	objects = {

/* Begin PBXBuildFile section */
		A00000010000000000000001 /* HAYFApp.swift in Sources */ = {isa = PBXBuildFile; fileRef = A00000110000000000000001 /* HAYFApp.swift */; };
		A00000020000000000000001 /* AppRootView.swift in Sources */ = {isa = PBXBuildFile; fileRef = A00000120000000000000001 /* AppRootView.swift */; };
		A00000030000000000000001 /* HealthKitManager.swift in Sources */ = {isa = PBXBuildFile; fileRef = A00000130000000000000001 /* HealthKitManager.swift */; };
		A00000040000000000000001 /* Assets.xcassets in Resources */ = {isa = PBXBuildFile; fileRef = A00000140000000000000001 /* Assets.xcassets */; };
		A00000050000000000000001 /* Preview Assets.xcassets in Resources */ = {isa = PBXBuildFile; fileRef = A00000150000000000000001 /* Preview Assets.xcassets */; };
		A00000060000000000000001 /* HealthKit.framework in Frameworks */ = {isa = PBXBuildFile; fileRef = A00000170000000000000001 /* HealthKit.framework */; };
		A00000070000000000000001 /* AuthMode.swift in Sources */ = {isa = PBXBuildFile; fileRef = A000001A000000000000001 /* AuthMode.swift */; };
		A00000080000000000000001 /* AuthScreen.swift in Sources */ = {isa = PBXBuildFile; fileRef = A000001B000000000000001 /* AuthScreen.swift */; };
		A00000090000000000000001 /* HAYFColor.swift in Sources */ = {isa = PBXBuildFile; fileRef = A000001C000000000000001 /* HAYFColor.swift */; };
		A000000A000000000000001 /* HAYFLogo.swift in Sources */ = {isa = PBXBuildFile; fileRef = A000001D000000000000001 /* HAYFLogo.swift */; };
		A000000B000000000000001 /* HealthPermissionsPrototypeView.swift in Sources */ = {isa = PBXBuildFile; fileRef = A000001E000000000000001 /* HealthPermissionsPrototypeView.swift */; };
		A000000C000000000000001 /* SupabaseClientProvider.swift in Sources */ = {isa = PBXBuildFile; fileRef = A000001F000000000000001 /* SupabaseClientProvider.swift */; };
		A000000D000000000000001 /* AuthViewModel.swift in Sources */ = {isa = PBXBuildFile; fileRef = A0000020000000000000001 /* AuthViewModel.swift */; };
		A000000E000000000000001 /* AuthenticatedHomeView.swift in Sources */ = {isa = PBXBuildFile; fileRef = A0000024000000000000001 /* AuthenticatedHomeView.swift */; };
		A000000F000000000000001 /* Supabase in Frameworks */ = {isa = PBXBuildFile; productRef = A0000022000000000000001 /* Supabase */; };
		A000001000000000000001 /* AccountCreationView.swift in Sources */ = {isa = PBXBuildFile; fileRef = A0000025000000000000001 /* AccountCreationView.swift */; };
		A000001100000000000001 /* AccountProfileStore.swift in Sources */ = {isa = PBXBuildFile; fileRef = A0000026000000000000001 /* AccountProfileStore.swift */; };
		A000001200000000000001 /* OnboardingFlowView.swift in Sources */ = {isa = PBXBuildFile; fileRef = A0000027000000000000001 /* OnboardingFlowView.swift */; };
		A000001300000000000001 /* HealthDebugView.swift in Sources */ = {isa = PBXBuildFile; fileRef = A0000028000000000000001 /* HealthDebugView.swift */; };
		B00000010000000000000001 /* HealthSyncService.swift in Sources */ = {isa = PBXBuildFile; fileRef = B00000110000000000000001 /* HealthSyncService.swift */; };
		B00000020000000000000001 /* PlanningAIProvider.swift in Sources */ = {isa = PBXBuildFile; fileRef = B00000120000000000000001 /* PlanningAIProvider.swift */; };
		B00000030000000000000001 /* PlanDataStore.swift in Sources */ = {isa = PBXBuildFile; fileRef = B00000130000000000000001 /* PlanDataStore.swift */; };
		B00000040000000000000001 /* PlanScreenView.swift in Sources */ = {isa = PBXBuildFile; fileRef = B00000140000000000000001 /* PlanScreenView.swift */; };
		C00000010000000000000001 /* ProfileDataStore.swift in Sources */ = {isa = PBXBuildFile; fileRef = C00000110000000000000001 /* ProfileDataStore.swift */; };
		C00000020000000000000001 /* ProfileScreenView.swift in Sources */ = {isa = PBXBuildFile; fileRef = C00000120000000000000001 /* ProfileScreenView.swift */; };
		D00000010000000000000001 /* HealthFeatureSnapshotFixtureStore.swift in Sources */ = {isa = PBXBuildFile; fileRef = D00000110000000000000001 /* HealthFeatureSnapshotFixtureStore.swift */; };
		D00000020000000000000001 /* daniel-health-snapshot.json in Resources */ = {isa = PBXBuildFile; fileRef = D00000120000000000000001 /* daniel-health-snapshot.json */; };
		E00000010000000000000001 /* TodayScreenView.swift in Sources */ = {isa = PBXBuildFile; fileRef = E00000110000000000000001 /* TodayScreenView.swift */; };
		F00000010000000000000001 /* TodayModelsTests.swift in Sources */ = {isa = PBXBuildFile; fileRef = F00000110000000000000001 /* TodayModelsTests.swift */; };
		G00000010000000000000001 /* ForteDesign.swift in Sources */ = {isa = PBXBuildFile; fileRef = G00000110000000000000001 /* ForteDesign.swift */; };
		G00000020000000000000001 /* ForteIntentScreen.swift in Sources */ = {isa = PBXBuildFile; fileRef = G00000120000000000000001 /* ForteIntentScreen.swift */; };
		G00000030000000000000001 /* ForteModalityScreen.swift in Sources */ = {isa = PBXBuildFile; fileRef = G00000130000000000000001 /* ForteModalityScreen.swift */; };
		G00000040000000000000001 /* ForteStackedChoiceList.swift in Sources */ = {isa = PBXBuildFile; fileRef = G00000140000000000000001 /* ForteStackedChoiceList.swift */; };
		G00000050000000000000001 /* ForteInfrastructureScreen.swift in Sources */ = {isa = PBXBuildFile; fileRef = G00000150000000000000001 /* ForteInfrastructureScreen.swift */; };
		G00000060000000000000001 /* ForteTextArea.swift in Sources */ = {isa = PBXBuildFile; fileRef = G00000160000000000000001 /* ForteTextArea.swift */; };
		G00000070000000000000001 /* ForteMotivationAnchorScreen.swift in Sources */ = {isa = PBXBuildFile; fileRef = G00000170000000000000001 /* ForteMotivationAnchorScreen.swift */; };
		G00000080000000000000001 /* ForteWheelSelector.swift in Sources */ = {isa = PBXBuildFile; fileRef = G00000180000000000000001 /* ForteWheelSelector.swift */; };
		G00000090000000000000001 /* ForteWeeklyCapacityScreen.swift in Sources */ = {isa = PBXBuildFile; fileRef = G00000190000000000000001 /* ForteWeeklyCapacityScreen.swift */; };
		G000000A0000000000000001 /* ForteImageChoiceTile.swift in Sources */ = {isa = PBXBuildFile; fileRef = G000001A0000000000000001 /* ForteImageChoiceTile.swift */; };
		G000000B0000000000000001 /* ForteWeeklyAvailabilityScreen.swift in Sources */ = {isa = PBXBuildFile; fileRef = G000001B0000000000000001 /* ForteWeeklyAvailabilityScreen.swift */; };
		G000000C0000000000000001 /* ForteConsistencyBlockerScreen.swift in Sources */ = {isa = PBXBuildFile; fileRef = G000001C0000000000000001 /* ForteConsistencyBlockerScreen.swift */; };
/* End PBXBuildFile section */

/* Begin PBXContainerItemProxy section */
		F00000710000000000000001 /* PBXContainerItemProxy */ = {
			isa = PBXContainerItemProxy;
			containerPortal = A00000420000000000000001 /* Project object */;
			proxyType = 1;
			remoteGlobalIDString = A00000410000000000000001;
			remoteInfo = HAYFHealthKitPrototype;
		};
/* End PBXContainerItemProxy section */

/* Begin PBXFileReference section */
		A00000110000000000000001 /* HAYFApp.swift */ = {isa = PBXFileReference; lastKnownFileType = sourcecode.swift; path = HAYFApp.swift; sourceTree = "<group>"; };
		A00000120000000000000001 /* AppRootView.swift */ = {isa = PBXFileReference; lastKnownFileType = sourcecode.swift; path = AppRootView.swift; sourceTree = "<group>"; };
		A00000130000000000000001 /* HealthKitManager.swift */ = {isa = PBXFileReference; lastKnownFileType = sourcecode.swift; path = HealthKitManager.swift; sourceTree = "<group>"; };
		A00000140000000000000001 /* Assets.xcassets */ = {isa = PBXFileReference; lastKnownFileType = folder.assetcatalog; path = Assets.xcassets; sourceTree = "<group>"; };
		A00000150000000000000001 /* Preview Assets.xcassets */ = {isa = PBXFileReference; lastKnownFileType = folder.assetcatalog; path = "Preview Assets.xcassets"; sourceTree = "<group>"; };
		A00000160000000000000001 /* Info.plist */ = {isa = PBXFileReference; lastKnownFileType = text.plist.xml; path = Info.plist; sourceTree = "<group>"; };
		A00000170000000000000001 /* HealthKit.framework */ = {isa = PBXFileReference; lastKnownFileType = wrapper.framework; name = HealthKit.framework; path = System/Library/Frameworks/HealthKit.framework; sourceTree = SDKROOT; };
		A00000180000000000000001 /* HAYF.app */ = {isa = PBXFileReference; explicitFileType = wrapper.application; path = HAYF.app; sourceTree = BUILT_PRODUCTS_DIR; };
		A00000190000000000000001 /* HAYFHealthKitPrototype.entitlements */ = {isa = PBXFileReference; lastKnownFileType = text.plist.entitlements; path = HAYFHealthKitPrototype.entitlements; sourceTree = "<group>"; };
		A000001A000000000000001 /* AuthMode.swift */ = {isa = PBXFileReference; lastKnownFileType = sourcecode.swift; path = AuthMode.swift; sourceTree = "<group>"; };
		A000001B000000000000001 /* AuthScreen.swift */ = {isa = PBXFileReference; lastKnownFileType = sourcecode.swift; path = AuthScreen.swift; sourceTree = "<group>"; };
		A000001C000000000000001 /* HAYFColor.swift */ = {isa = PBXFileReference; lastKnownFileType = sourcecode.swift; path = HAYFColor.swift; sourceTree = "<group>"; };
		A000001D000000000000001 /* HAYFLogo.swift */ = {isa = PBXFileReference; lastKnownFileType = sourcecode.swift; path = HAYFLogo.swift; sourceTree = "<group>"; };
		A000001E000000000000001 /* HealthPermissionsPrototypeView.swift */ = {isa = PBXFileReference; lastKnownFileType = sourcecode.swift; path = HealthPermissionsPrototypeView.swift; sourceTree = "<group>"; };
		A000001F000000000000001 /* SupabaseClientProvider.swift */ = {isa = PBXFileReference; lastKnownFileType = sourcecode.swift; path = SupabaseClientProvider.swift; sourceTree = "<group>"; };
		A0000020000000000000001 /* AuthViewModel.swift */ = {isa = PBXFileReference; lastKnownFileType = sourcecode.swift; path = AuthViewModel.swift; sourceTree = "<group>"; };
		A0000024000000000000001 /* AuthenticatedHomeView.swift */ = {isa = PBXFileReference; lastKnownFileType = sourcecode.swift; path = AuthenticatedHomeView.swift; sourceTree = "<group>"; };
		A0000025000000000000001 /* AccountCreationView.swift */ = {isa = PBXFileReference; lastKnownFileType = sourcecode.swift; path = AccountCreationView.swift; sourceTree = "<group>"; };
		A0000026000000000000001 /* AccountProfileStore.swift */ = {isa = PBXFileReference; lastKnownFileType = sourcecode.swift; path = AccountProfileStore.swift; sourceTree = "<group>"; };
		A0000027000000000000001 /* OnboardingFlowView.swift */ = {isa = PBXFileReference; lastKnownFileType = sourcecode.swift; path = OnboardingFlowView.swift; sourceTree = "<group>"; };
		A0000028000000000000001 /* HealthDebugView.swift */ = {isa = PBXFileReference; lastKnownFileType = sourcecode.swift; path = HealthDebugView.swift; sourceTree = "<group>"; };
		B00000110000000000000001 /* HealthSyncService.swift */ = {isa = PBXFileReference; lastKnownFileType = sourcecode.swift; path = HealthSyncService.swift; sourceTree = "<group>"; };
		B00000120000000000000001 /* PlanningAIProvider.swift */ = {isa = PBXFileReference; lastKnownFileType = sourcecode.swift; path = PlanningAIProvider.swift; sourceTree = "<group>"; };
		B00000130000000000000001 /* PlanDataStore.swift */ = {isa = PBXFileReference; lastKnownFileType = sourcecode.swift; path = PlanDataStore.swift; sourceTree = "<group>"; };
		B00000140000000000000001 /* PlanScreenView.swift */ = {isa = PBXFileReference; lastKnownFileType = sourcecode.swift; path = PlanScreenView.swift; sourceTree = "<group>"; };
		C00000110000000000000001 /* ProfileDataStore.swift */ = {isa = PBXFileReference; lastKnownFileType = sourcecode.swift; path = ProfileDataStore.swift; sourceTree = "<group>"; };
		C00000120000000000000001 /* ProfileScreenView.swift */ = {isa = PBXFileReference; lastKnownFileType = sourcecode.swift; path = ProfileScreenView.swift; sourceTree = "<group>"; };
		D00000110000000000000001 /* HealthFeatureSnapshotFixtureStore.swift */ = {isa = PBXFileReference; lastKnownFileType = sourcecode.swift; path = HealthFeatureSnapshotFixtureStore.swift; sourceTree = "<group>"; };
		D00000120000000000000001 /* daniel-health-snapshot.json */ = {isa = PBXFileReference; lastKnownFileType = text.json; path = "daniel-health-snapshot.json"; sourceTree = "<group>"; };
		E00000110000000000000001 /* TodayScreenView.swift */ = {isa = PBXFileReference; lastKnownFileType = sourcecode.swift; path = TodayScreenView.swift; sourceTree = "<group>"; };
		F00000110000000000000001 /* TodayModelsTests.swift */ = {isa = PBXFileReference; lastKnownFileType = sourcecode.swift; path = TodayModelsTests.swift; sourceTree = "<group>"; };
		F00000120000000000000001 /* HAYFHealthKitPrototypeTests.xctest */ = {isa = PBXFileReference; explicitFileType = wrapper.cfbundle; includeInIndex = 0; path = HAYFHealthKitPrototypeTests.xctest; sourceTree = BUILT_PRODUCTS_DIR; };
		G00000110000000000000001 /* ForteDesign.swift */ = {isa = PBXFileReference; lastKnownFileType = sourcecode.swift; path = ForteDesign.swift; sourceTree = "<group>"; };
		G00000120000000000000001 /* ForteIntentScreen.swift */ = {isa = PBXFileReference; lastKnownFileType = sourcecode.swift; path = ForteIntentScreen.swift; sourceTree = "<group>"; };
		G00000130000000000000001 /* ForteModalityScreen.swift */ = {isa = PBXFileReference; lastKnownFileType = sourcecode.swift; path = ForteModalityScreen.swift; sourceTree = "<group>"; };
		G00000140000000000000001 /* ForteStackedChoiceList.swift */ = {isa = PBXFileReference; lastKnownFileType = sourcecode.swift; path = ForteStackedChoiceList.swift; sourceTree = "<group>"; };
		G00000150000000000000001 /* ForteInfrastructureScreen.swift */ = {isa = PBXFileReference; lastKnownFileType = sourcecode.swift; path = ForteInfrastructureScreen.swift; sourceTree = "<group>"; };
		G00000160000000000000001 /* ForteTextArea.swift */ = {isa = PBXFileReference; lastKnownFileType = sourcecode.swift; path = ForteTextArea.swift; sourceTree = "<group>"; };
		G00000170000000000000001 /* ForteMotivationAnchorScreen.swift */ = {isa = PBXFileReference; lastKnownFileType = sourcecode.swift; path = ForteMotivationAnchorScreen.swift; sourceTree = "<group>"; };
		G00000180000000000000001 /* ForteWheelSelector.swift */ = {isa = PBXFileReference; lastKnownFileType = sourcecode.swift; path = ForteWheelSelector.swift; sourceTree = "<group>"; };
		G00000190000000000000001 /* ForteWeeklyCapacityScreen.swift */ = {isa = PBXFileReference; lastKnownFileType = sourcecode.swift; path = ForteWeeklyCapacityScreen.swift; sourceTree = "<group>"; };
		G000001A0000000000000001 /* ForteImageChoiceTile.swift */ = {isa = PBXFileReference; lastKnownFileType = sourcecode.swift; path = ForteImageChoiceTile.swift; sourceTree = "<group>"; };
		G000001B0000000000000001 /* ForteWeeklyAvailabilityScreen.swift */ = {isa = PBXFileReference; lastKnownFileType = sourcecode.swift; path = ForteWeeklyAvailabilityScreen.swift; sourceTree = "<group>"; };
		G000001C0000000000000001 /* ForteConsistencyBlockerScreen.swift */ = {isa = PBXFileReference; lastKnownFileType = sourcecode.swift; path = ForteConsistencyBlockerScreen.swift; sourceTree = "<group>"; };
/* End PBXFileReference section */

/* Begin PBXFrameworksBuildPhase section */
		F00000210000000000000001 /* Frameworks */ = {
			isa = PBXFrameworksBuildPhase;
			buildActionMask = 2147483647;
			files = (
			);
			runOnlyForDeploymentPostprocessing = 0;
		};
		A00000210000000000000001 /* Frameworks */ = {
			isa = PBXFrameworksBuildPhase;
			buildActionMask = 2147483647;
			files = (
				A00000060000000000000001 /* HealthKit.framework in Frameworks */,
				A000000F000000000000001 /* Supabase in Frameworks */,
			);
			runOnlyForDeploymentPostprocessing = 0;
		};
/* End PBXFrameworksBuildPhase section */

/* Begin PBXGroup section */
		A00000310000000000000001 = {
			isa = PBXGroup;
			children = (
				A00000320000000000000001 /* HAYFHealthKitPrototype */,
				A00000330000000000000001 /* Products */,
				A00000340000000000000001 /* Frameworks */,
				F00000310000000000000001 /* HAYFHealthKitPrototypeTests */,
			);
			sourceTree = "<group>";
		};
		A00000320000000000000001 /* HAYFHealthKitPrototype */ = {
			isa = PBXGroup;
			children = (
				A00000360000000000000001 /* App */,
				A00000370000000000000001 /* Auth */,
				A00000380000000000000001 /* DesignSystem */,
				A00000390000000000000001 /* Health */,
				B000003B000000000000001 /* Planning */,
				E000003E000000000000001 /* Today */,
				C000003C000000000000001 /* Profile */,
				A000003A000000000000001 /* Onboarding */,
				A00000140000000000000001 /* Assets.xcassets */,
				A00000350000000000000001 /* Preview Content */,
				A00000160000000000000001 /* Info.plist */,
				A00000190000000000000001 /* HAYFHealthKitPrototype.entitlements */,
			);
			path = HAYFHealthKitPrototype;
			sourceTree = "<group>";
		};
		A00000330000000000000001 /* Products */ = {
			isa = PBXGroup;
			children = (
				A00000180000000000000001 /* HAYF.app */,
				F00000120000000000000001 /* HAYFHealthKitPrototypeTests.xctest */,
			);
			name = Products;
			sourceTree = "<group>";
		};
		A00000340000000000000001 /* Frameworks */ = {
			isa = PBXGroup;
			children = (
				A00000170000000000000001 /* HealthKit.framework */,
			);
			name = Frameworks;
			sourceTree = "<group>";
		};
		A00000350000000000000001 /* Preview Content */ = {
			isa = PBXGroup;
			children = (
				A00000150000000000000001 /* Preview Assets.xcassets */,
			);
			path = "Preview Content";
			sourceTree = "<group>";
		};
		A00000360000000000000001 /* App */ = {
			isa = PBXGroup;
			children = (
				A00000110000000000000001 /* HAYFApp.swift */,
				A00000120000000000000001 /* AppRootView.swift */,
			);
			path = App;
			sourceTree = "<group>";
		};
		A00000370000000000000001 /* Auth */ = {
			isa = PBXGroup;
			children = (
				A000001A000000000000001 /* AuthMode.swift */,
				A000001B000000000000001 /* AuthScreen.swift */,
				A0000025000000000000001 /* AccountCreationView.swift */,
				A0000026000000000000001 /* AccountProfileStore.swift */,
				A0000020000000000000001 /* AuthViewModel.swift */,
				A0000024000000000000001 /* AuthenticatedHomeView.swift */,
				A000001F000000000000001 /* SupabaseClientProvider.swift */,
			);
			path = Auth;
			sourceTree = "<group>";
		};
		A00000380000000000000001 /* DesignSystem */ = {
			isa = PBXGroup;
			children = (
				A000001C000000000000001 /* HAYFColor.swift */,
				A000001D000000000000001 /* HAYFLogo.swift */,
				G00000110000000000000001 /* ForteDesign.swift */,
				G00000140000000000000001 /* ForteStackedChoiceList.swift */,
				G00000160000000000000001 /* ForteTextArea.swift */,
				G00000180000000000000001 /* ForteWheelSelector.swift */,
				G000001A0000000000000001 /* ForteImageChoiceTile.swift */,
			);
			path = DesignSystem;
			sourceTree = "<group>";
		};
		A00000390000000000000001 /* Health */ = {
			isa = PBXGroup;
			children = (
				A00000130000000000000001 /* HealthKitManager.swift */,
				B00000110000000000000001 /* HealthSyncService.swift */,
				D00000110000000000000001 /* HealthFeatureSnapshotFixtureStore.swift */,
				A000001E000000000000001 /* HealthPermissionsPrototypeView.swift */,
				A0000028000000000000001 /* HealthDebugView.swift */,
				D000003D000000000000001 /* Fixtures */,
			);
			path = Health;
			sourceTree = "<group>";
		};
		D000003D000000000000001 /* Fixtures */ = {
			isa = PBXGroup;
			children = (
				D00000120000000000000001 /* daniel-health-snapshot.json */,
			);
			path = Fixtures;
			sourceTree = "<group>";
		};
		B000003B000000000000001 /* Planning */ = {
			isa = PBXGroup;
			children = (
				B00000120000000000000001 /* PlanningAIProvider.swift */,
				B00000130000000000000001 /* PlanDataStore.swift */,
				B00000140000000000000001 /* PlanScreenView.swift */,
			);
			path = Planning;
			sourceTree = "<group>";
		};
		C000003C000000000000001 /* Profile */ = {
			isa = PBXGroup;
			children = (
				C00000110000000000000001 /* ProfileDataStore.swift */,
				C00000120000000000000001 /* ProfileScreenView.swift */,
			);
			path = Profile;
			sourceTree = "<group>";
		};
		E000003E000000000000001 /* Today */ = {
			isa = PBXGroup;
			children = (
				E00000110000000000000001 /* TodayScreenView.swift */,
			);
			path = Today;
			sourceTree = "<group>";
		};
		F00000310000000000000001 /* HAYFHealthKitPrototypeTests */ = {
			isa = PBXGroup;
			children = (
				F00000110000000000000001 /* TodayModelsTests.swift */,
			);
			path = HAYFHealthKitPrototypeTests;
			sourceTree = "<group>";
		};
		A000003A000000000000001 /* Onboarding */ = {
			isa = PBXGroup;
			children = (
				A0000027000000000000001 /* OnboardingFlowView.swift */,
				G00000120000000000000001 /* ForteIntentScreen.swift */,
				G00000130000000000000001 /* ForteModalityScreen.swift */,
				G00000150000000000000001 /* ForteInfrastructureScreen.swift */,
				G00000170000000000000001 /* ForteMotivationAnchorScreen.swift */,
				G00000190000000000000001 /* ForteWeeklyCapacityScreen.swift */,
				G000001B0000000000000001 /* ForteWeeklyAvailabilityScreen.swift */,
				G000001C0000000000000001 /* ForteConsistencyBlockerScreen.swift */,
			);
			path = Onboarding;
			sourceTree = "<group>";
		};
/* End PBXGroup section */

/* Begin PBXNativeTarget section */
		A00000410000000000000001 /* HAYFHealthKitPrototype */ = {
			isa = PBXNativeTarget;
			buildConfigurationList = A00000510000000000000001 /* Build configuration list for PBXNativeTarget "HAYFHealthKitPrototype" */;
			buildPhases = (
				A00000220000000000000001 /* Sources */,
				A00000210000000000000001 /* Frameworks */,
				A00000230000000000000001 /* Resources */,
			);
			buildRules = (
			);
			dependencies = (
			);
			name = HAYFHealthKitPrototype;
			packageProductDependencies = (
				A0000022000000000000001 /* Supabase */,
			);
			productName = HAYF;
			productReference = A00000180000000000000001 /* HAYF.app */;
			productType = "com.apple.product-type.application";
		};
		F00000410000000000000001 /* HAYFHealthKitPrototypeTests */ = {
			isa = PBXNativeTarget;
			buildConfigurationList = F00000510000000000000001 /* Build configuration list for PBXNativeTarget "HAYFHealthKitPrototypeTests" */;
			buildPhases = (
				F00000220000000000000001 /* Sources */,
				F00000210000000000000001 /* Frameworks */,
				F00000230000000000000001 /* Resources */,
			);
			buildRules = (
			);
			dependencies = (
				F00000720000000000000001 /* PBXTargetDependency */,
			);
			name = HAYFHealthKitPrototypeTests;
			productName = HAYFHealthKitPrototypeTests;
			productReference = F00000120000000000000001 /* HAYFHealthKitPrototypeTests.xctest */;
			productType = "com.apple.product-type.bundle.unit-test";
		};
/* End PBXNativeTarget section */

/* Begin PBXProject section */
		A00000420000000000000001 /* Project object */ = {
			isa = PBXProject;
			attributes = {
				BuildIndependentTargetsInParallel = 1;
				LastSwiftUpdateCheck = 1640;
				LastUpgradeCheck = 1640;
				TargetAttributes = {
					A00000410000000000000001 = {
						CreatedOnToolsVersion = 16.4;
					};
					F00000410000000000000001 = {
						CreatedOnToolsVersion = 16.4;
						TestTargetID = A00000410000000000000001;
					};
				};
			};
			buildConfigurationList = A00000520000000000000001 /* Build configuration list for PBXProject "HAYFHealthKitPrototype" */;
			compatibilityVersion = "Xcode 14.0";
			developmentRegion = en;
			hasScannedForEncodings = 0;
			knownRegions = (
				en,
				Base,
			);
			mainGroup = A00000310000000000000001;
			packageReferences = (
				A0000021000000000000001 /* XCRemoteSwiftPackageReference "supabase-swift" */,
			);
			productRefGroup = A00000330000000000000001 /* Products */;
			projectDirPath = "";
			projectRoot = "";
			targets = (
				A00000410000000000000001 /* HAYFHealthKitPrototype */,
				F00000410000000000000001 /* HAYFHealthKitPrototypeTests */,
			);
		};
/* End PBXProject section */

/* Begin PBXResourcesBuildPhase section */
		F00000230000000000000001 /* Resources */ = {
			isa = PBXResourcesBuildPhase;
			buildActionMask = 2147483647;
			files = (
			);
			runOnlyForDeploymentPostprocessing = 0;
		};
		A00000230000000000000001 /* Resources */ = {
			isa = PBXResourcesBuildPhase;
			buildActionMask = 2147483647;
			files = (
				A00000040000000000000001 /* Assets.xcassets in Resources */,
				A00000050000000000000001 /* Preview Assets.xcassets in Resources */,
				D00000020000000000000001 /* daniel-health-snapshot.json in Resources */,
			);
			runOnlyForDeploymentPostprocessing = 0;
		};
/* End PBXResourcesBuildPhase section */

/* Begin PBXSourcesBuildPhase section */
		F00000220000000000000001 /* Sources */ = {
			isa = PBXSourcesBuildPhase;
			buildActionMask = 2147483647;
			files = (
				F00000010000000000000001 /* TodayModelsTests.swift in Sources */,
			);
			runOnlyForDeploymentPostprocessing = 0;
		};
		A00000220000000000000001 /* Sources */ = {
			isa = PBXSourcesBuildPhase;
			buildActionMask = 2147483647;
			files = (
				A00000010000000000000001 /* HAYFApp.swift in Sources */,
				A00000020000000000000001 /* AppRootView.swift in Sources */,
				A00000070000000000000001 /* AuthMode.swift in Sources */,
				A00000080000000000000001 /* AuthScreen.swift in Sources */,
				A000001000000000000001 /* AccountCreationView.swift in Sources */,
				A000001100000000000001 /* AccountProfileStore.swift in Sources */,
				A000000D000000000000001 /* AuthViewModel.swift in Sources */,
				A000000E000000000000001 /* AuthenticatedHomeView.swift in Sources */,
				A000000C000000000000001 /* SupabaseClientProvider.swift in Sources */,
				A00000090000000000000001 /* HAYFColor.swift in Sources */,
				A000000A000000000000001 /* HAYFLogo.swift in Sources */,
				G00000010000000000000001 /* ForteDesign.swift in Sources */,
				G00000040000000000000001 /* ForteStackedChoiceList.swift in Sources */,
				G00000060000000000000001 /* ForteTextArea.swift in Sources */,
				G00000080000000000000001 /* ForteWheelSelector.swift in Sources */,
				G000000A0000000000000001 /* ForteImageChoiceTile.swift in Sources */,
				A000001200000000000001 /* OnboardingFlowView.swift in Sources */,
				G00000020000000000000001 /* ForteIntentScreen.swift in Sources */,
				G00000030000000000000001 /* ForteModalityScreen.swift in Sources */,
				G00000050000000000000001 /* ForteInfrastructureScreen.swift in Sources */,
				G00000070000000000000001 /* ForteMotivationAnchorScreen.swift in Sources */,
				G00000090000000000000001 /* ForteWeeklyCapacityScreen.swift in Sources */,
				G000000B0000000000000001 /* ForteWeeklyAvailabilityScreen.swift in Sources */,
				G000000C0000000000000001 /* ForteConsistencyBlockerScreen.swift in Sources */,
				A00000030000000000000001 /* HealthKitManager.swift in Sources */,
				B00000010000000000000001 /* HealthSyncService.swift in Sources */,
				D00000010000000000000001 /* HealthFeatureSnapshotFixtureStore.swift in Sources */,
				A000000B000000000000001 /* HealthPermissionsPrototypeView.swift in Sources */,
				A000001300000000000001 /* HealthDebugView.swift in Sources */,
				B00000020000000000000001 /* PlanningAIProvider.swift in Sources */,
				B00000030000000000000001 /* PlanDataStore.swift in Sources */,
				B00000040000000000000001 /* PlanScreenView.swift in Sources */,
				E00000010000000000000001 /* TodayScreenView.swift in Sources */,
				C00000010000000000000001 /* ProfileDataStore.swift in Sources */,
				C00000020000000000000001 /* ProfileScreenView.swift in Sources */,
			);
			runOnlyForDeploymentPostprocessing = 0;
		};
/* End PBXSourcesBuildPhase section */

/* Begin PBXTargetDependency section */
		F00000720000000000000001 /* PBXTargetDependency */ = {
			isa = PBXTargetDependency;
			target = A00000410000000000000001 /* HAYFHealthKitPrototype */;
			targetProxy = F00000710000000000000001 /* PBXContainerItemProxy */;
		};
/* End PBXTargetDependency section */

/* Begin XCRemoteSwiftPackageReference section */
		A0000021000000000000001 /* XCRemoteSwiftPackageReference "supabase-swift" */ = {
			isa = XCRemoteSwiftPackageReference;
			repositoryURL = "https://github.com/supabase/supabase-swift.git";
			requirement = {
				kind = upToNextMajorVersion;
				minimumVersion = 2.0.0;
			};
		};
/* End XCRemoteSwiftPackageReference section */

/* Begin XCSwiftPackageProductDependency section */
		A0000022000000000000001 /* Supabase */ = {
			isa = XCSwiftPackageProductDependency;
			package = A0000021000000000000001 /* XCRemoteSwiftPackageReference "supabase-swift" */;
			productName = Supabase;
		};
/* End XCSwiftPackageProductDependency section */

/* Begin XCBuildConfiguration section */
		A00000610000000000000001 /* Debug */ = {
			isa = XCBuildConfiguration;
			buildSettings = {
				ALWAYS_SEARCH_USER_PATHS = NO;
				CLANG_ENABLE_MODULES = YES;
				CLANG_ENABLE_OBJC_ARC = YES;
				CLANG_WARN_DOCUMENTATION_COMMENTS = YES;
				CLANG_WARN_UNGUARDED_AVAILABILITY = YES_AGGRESSIVE;
				COPY_PHASE_STRIP = NO;
				DEBUG_INFORMATION_FORMAT = dwarf;
				ENABLE_STRICT_OBJC_MSGSEND = YES;
				GCC_C_LANGUAGE_STANDARD = gnu17;
				GCC_NO_COMMON_BLOCKS = YES;
				GCC_OPTIMIZATION_LEVEL = 0;
				GCC_PREPROCESSOR_DEFINITIONS = (
					"DEBUG=1",
					"$(inherited)",
				);
				IPHONEOS_DEPLOYMENT_TARGET = 17.0;
				SDKROOT = iphoneos;
				SWIFT_ACTIVE_COMPILATION_CONDITIONS = DEBUG;
				SWIFT_VERSION = 5.0;
			};
			name = Debug;
		};
		A00000620000000000000001 /* Release */ = {
			isa = XCBuildConfiguration;
			buildSettings = {
				ALWAYS_SEARCH_USER_PATHS = NO;
				CLANG_ENABLE_MODULES = YES;
				CLANG_ENABLE_OBJC_ARC = YES;
				CLANG_WARN_DOCUMENTATION_COMMENTS = YES;
				CLANG_WARN_UNGUARDED_AVAILABILITY = YES_AGGRESSIVE;
				COPY_PHASE_STRIP = NO;
				DEBUG_INFORMATION_FORMAT = "dwarf-with-dsym";
				ENABLE_NS_ASSERTIONS = NO;
				ENABLE_STRICT_OBJC_MSGSEND = YES;
				GCC_C_LANGUAGE_STANDARD = gnu17;
				GCC_NO_COMMON_BLOCKS = YES;
				IPHONEOS_DEPLOYMENT_TARGET = 17.0;
				SDKROOT = iphoneos;
				SWIFT_VERSION = 5.0;
			};
			name = Release;
		};
		G00000610000000000000001 /* Forte Dev */ = {
			isa = XCBuildConfiguration;
			buildSettings = {
				ALWAYS_SEARCH_USER_PATHS = NO;
				CLANG_ENABLE_MODULES = YES;
				CLANG_ENABLE_OBJC_ARC = YES;
				CLANG_WARN_DOCUMENTATION_COMMENTS = YES;
				CLANG_WARN_UNGUARDED_AVAILABILITY = YES_AGGRESSIVE;
				COPY_PHASE_STRIP = NO;
				DEBUG_INFORMATION_FORMAT = dwarf;
				ENABLE_STRICT_OBJC_MSGSEND = YES;
				GCC_C_LANGUAGE_STANDARD = gnu17;
				GCC_NO_COMMON_BLOCKS = YES;
				GCC_OPTIMIZATION_LEVEL = 0;
				GCC_PREPROCESSOR_DEFINITIONS = (
					"DEBUG=1",
					"$(inherited)",
				);
				IPHONEOS_DEPLOYMENT_TARGET = 17.0;
				SDKROOT = iphoneos;
				SWIFT_ACTIVE_COMPILATION_CONDITIONS = "DEBUG FORTE_DEV";
				SWIFT_VERSION = 5.0;
			};
			name = "Forte Dev";
		};
		A00000630000000000000001 /* Debug */ = {
			isa = XCBuildConfiguration;
			buildSettings = {
				APP_DISPLAY_NAME = HAYF;
				ASSETCATALOG_COMPILER_APPICON_NAME = AppIcon;
				ASSETCATALOG_COMPILER_GLOBAL_ACCENT_COLOR_NAME = AccentColor;
				AUTH_CALLBACK_SCHEME = hayf;
				CODE_SIGN_ENTITLEMENTS = HAYFHealthKitPrototype/HAYFHealthKitPrototype.entitlements;
				CURRENT_PROJECT_VERSION = 1;
				DEVELOPMENT_ASSET_PATHS = "\"HAYFHealthKitPrototype/Preview Content\"";
				DEVELOPMENT_TEAM = C46LARA4B9;
				ENABLE_TESTABILITY = YES;
				GENERATE_INFOPLIST_FILE = NO;
				INFOPLIST_FILE = HAYFHealthKitPrototype/Info.plist;
				INFOPLIST_KEY_UIApplicationSupportsIndirectInputEvents = YES;
				IPHONEOS_DEPLOYMENT_TARGET = 17.0;
				LD_RUNPATH_SEARCH_PATHS = (
					"$(inherited)",
					"@executable_path/Frameworks",
				);
				MARKETING_VERSION = 1.0;
				PRODUCT_BUNDLE_IDENTIFIER = com.hayf.prototype.healthkit;
				PRODUCT_NAME = HAYF;
				SUPPORTED_PLATFORMS = "iphoneos iphonesimulator";
				SWIFT_ACTIVE_COMPILATION_CONDITIONS = DEBUG;
				SWIFT_EMIT_LOC_STRINGS = YES;
				SWIFT_OPTIMIZATION_LEVEL = "-Onone";
				SWIFT_VERSION = 5.0;
				TARGETED_DEVICE_FAMILY = 1;
			};
			name = Debug;
		};
		A00000640000000000000001 /* Release */ = {
			isa = XCBuildConfiguration;
			buildSettings = {
				APP_DISPLAY_NAME = HAYF;
				ASSETCATALOG_COMPILER_APPICON_NAME = AppIcon;
				ASSETCATALOG_COMPILER_GLOBAL_ACCENT_COLOR_NAME = AccentColor;
				AUTH_CALLBACK_SCHEME = hayf;
				CODE_SIGN_ENTITLEMENTS = HAYFHealthKitPrototype/HAYFHealthKitPrototype.entitlements;
				CURRENT_PROJECT_VERSION = 1;
				DEVELOPMENT_ASSET_PATHS = "\"HAYFHealthKitPrototype/Preview Content\"";
				DEVELOPMENT_TEAM = C46LARA4B9;
				GENERATE_INFOPLIST_FILE = NO;
				INFOPLIST_FILE = HAYFHealthKitPrototype/Info.plist;
				IPHONEOS_DEPLOYMENT_TARGET = 17.0;
				LD_RUNPATH_SEARCH_PATHS = (
					"$(inherited)",
					"@executable_path/Frameworks",
				);
				MARKETING_VERSION = 1.0;
				PRODUCT_BUNDLE_IDENTIFIER = com.hayf.prototype.healthkit;
				PRODUCT_NAME = HAYF;
				SUPPORTED_PLATFORMS = "iphoneos iphonesimulator";
				SWIFT_EMIT_LOC_STRINGS = YES;
				SWIFT_VERSION = 5.0;
				TARGETED_DEVICE_FAMILY = 1;
			};
			name = Release;
		};
		G00000620000000000000001 /* Forte Dev */ = {
			isa = XCBuildConfiguration;
			buildSettings = {
				APP_DISPLAY_NAME = "Forte Dev";
				ASSETCATALOG_COMPILER_APPICON_NAME = AppIcon;
				ASSETCATALOG_COMPILER_GLOBAL_ACCENT_COLOR_NAME = AccentColor;
				AUTH_CALLBACK_SCHEME = fortedev;
				CODE_SIGN_ENTITLEMENTS = HAYFHealthKitPrototype/HAYFHealthKitPrototype.entitlements;
				CURRENT_PROJECT_VERSION = 1;
				DEVELOPMENT_ASSET_PATHS = "\"HAYFHealthKitPrototype/Preview Content\"";
				DEVELOPMENT_TEAM = C46LARA4B9;
				ENABLE_TESTABILITY = YES;
				GENERATE_INFOPLIST_FILE = NO;
				INFOPLIST_FILE = HAYFHealthKitPrototype/Info.plist;
				INFOPLIST_KEY_UIApplicationSupportsIndirectInputEvents = YES;
				IPHONEOS_DEPLOYMENT_TARGET = 17.0;
				LD_RUNPATH_SEARCH_PATHS = (
					"$(inherited)",
					"@executable_path/Frameworks",
				);
				MARKETING_VERSION = 1.0;
				PRODUCT_BUNDLE_IDENTIFIER = com.hayf.prototype.healthkit.fortedev;
				PRODUCT_NAME = HAYF;
				SUPPORTED_PLATFORMS = "iphoneos iphonesimulator";
				SWIFT_ACTIVE_COMPILATION_CONDITIONS = "DEBUG FORTE_DEV";
				SWIFT_EMIT_LOC_STRINGS = YES;
				SWIFT_OPTIMIZATION_LEVEL = "-Onone";
				SWIFT_VERSION = 5.0;
				TARGETED_DEVICE_FAMILY = 1;
			};
			name = "Forte Dev";
		};
		F00000610000000000000001 /* Debug */ = {
			isa = XCBuildConfiguration;
			buildSettings = {
				BUNDLE_LOADER = "$(TEST_HOST)";
				CODE_SIGN_STYLE = Automatic;
				DEVELOPMENT_TEAM = C46LARA4B9;
				GENERATE_INFOPLIST_FILE = YES;
				IPHONEOS_DEPLOYMENT_TARGET = 17.0;
				LD_RUNPATH_SEARCH_PATHS = (
					"$(inherited)",
					"@executable_path/Frameworks",
					"@loader_path/Frameworks",
				);
				PRODUCT_BUNDLE_IDENTIFIER = com.hayf.prototype.healthkit.tests;
				PRODUCT_NAME = "$(TARGET_NAME)";
				SUPPORTED_PLATFORMS = "iphoneos iphonesimulator";
				SWIFT_ACTIVE_COMPILATION_CONDITIONS = DEBUG;
				SWIFT_VERSION = 5.0;
				TARGETED_DEVICE_FAMILY = 1;
				TEST_HOST = "$(BUILT_PRODUCTS_DIR)/HAYF.app/$(BUNDLE_EXECUTABLE_FOLDER_PATH)/HAYF";
			};
			name = Debug;
		};
		F00000620000000000000001 /* Release */ = {
			isa = XCBuildConfiguration;
			buildSettings = {
				BUNDLE_LOADER = "$(TEST_HOST)";
				CODE_SIGN_STYLE = Automatic;
				DEVELOPMENT_TEAM = C46LARA4B9;
				GENERATE_INFOPLIST_FILE = YES;
				IPHONEOS_DEPLOYMENT_TARGET = 17.0;
				LD_RUNPATH_SEARCH_PATHS = (
					"$(inherited)",
					"@executable_path/Frameworks",
					"@loader_path/Frameworks",
				);
				PRODUCT_BUNDLE_IDENTIFIER = com.hayf.prototype.healthkit.tests;
				PRODUCT_NAME = "$(TARGET_NAME)";
				SUPPORTED_PLATFORMS = "iphoneos iphonesimulator";
				SWIFT_VERSION = 5.0;
				TARGETED_DEVICE_FAMILY = 1;
				TEST_HOST = "$(BUILT_PRODUCTS_DIR)/HAYF.app/$(BUNDLE_EXECUTABLE_FOLDER_PATH)/HAYF";
			};
			name = Release;
		};
		G00000630000000000000001 /* Forte Dev */ = {
			isa = XCBuildConfiguration;
			buildSettings = {
				BUNDLE_LOADER = "$(TEST_HOST)";
				CODE_SIGN_STYLE = Automatic;
				DEVELOPMENT_TEAM = C46LARA4B9;
				GENERATE_INFOPLIST_FILE = YES;
				IPHONEOS_DEPLOYMENT_TARGET = 17.0;
				LD_RUNPATH_SEARCH_PATHS = (
					"$(inherited)",
					"@executable_path/Frameworks",
					"@loader_path/Frameworks",
				);
				PRODUCT_BUNDLE_IDENTIFIER = com.hayf.prototype.healthkit.fortedev.tests;
				PRODUCT_NAME = "$(TARGET_NAME)";
				SUPPORTED_PLATFORMS = "iphoneos iphonesimulator";
				SWIFT_ACTIVE_COMPILATION_CONDITIONS = "DEBUG FORTE_DEV";
				SWIFT_VERSION = 5.0;
				TARGETED_DEVICE_FAMILY = 1;
				TEST_HOST = "$(BUILT_PRODUCTS_DIR)/HAYF.app/$(BUNDLE_EXECUTABLE_FOLDER_PATH)/HAYF";
			};
			name = "Forte Dev";
		};
/* End XCBuildConfiguration section */

/* Begin XCConfigurationList section */
		A00000510000000000000001 /* Build configuration list for PBXNativeTarget "HAYFHealthKitPrototype" */ = {
			isa = XCConfigurationList;
			buildConfigurations = (
				A00000630000000000000001 /* Debug */,
				G00000620000000000000001 /* Forte Dev */,
				A00000640000000000000001 /* Release */,
			);
			defaultConfigurationIsVisible = 0;
			defaultConfigurationName = Release;
		};
		A00000520000000000000001 /* Build configuration list for PBXProject "HAYFHealthKitPrototype" */ = {
			isa = XCConfigurationList;
			buildConfigurations = (
				A00000610000000000000001 /* Debug */,
				G00000610000000000000001 /* Forte Dev */,
				A00000620000000000000001 /* Release */,
			);
			defaultConfigurationIsVisible = 0;
			defaultConfigurationName = Release;
		};
		F00000510000000000000001 /* Build configuration list for PBXNativeTarget "HAYFHealthKitPrototypeTests" */ = {
			isa = XCConfigurationList;
			buildConfigurations = (
				F00000610000000000000001 /* Debug */,
				G00000630000000000000001 /* Forte Dev */,
				F00000620000000000000001 /* Release */,
			);
			defaultConfigurationIsVisible = 0;
			defaultConfigurationName = Release;
		};
/* End XCConfigurationList section */
	};
	rootObject = A00000420000000000000001 /* Project object */;
}
