// !$*UTF8*$!
{
	archiveVersion = 1;
	classes = {
	};
	objectVersion = 56;
	objects = {

/* Begin PBXBuildFile section */
		A00000010000000000000001 /* HAYFApp.swift in Sources */ = {isa = PBXBuildFile; fileRef = A00000110000000000000001 /* HAYFApp.swift */; };
		A00000020000000000000001 /* AppRootView.swift in Sources */ = {isa = PBXBuildFile; fileRef = A00000120000000000000001 /* AppRootView.swift */; };
		A00000030000000000000001 /* HealthKitManager.swift in Sources */ = {isa = PBXBuildFile; fileRef = A00000130000000000000001 /* HealthKitManager.swift */; };
		A00000040000000000000001 /* Assets.xcassets in Resources */ = {isa = PBXBuildFile; fileRef = A00000140000000000000001 /* Assets.xcassets */; };
		A00000050000000000000001 /* Preview Assets.xcassets in Resources */ = {isa = PBXBuildFile; fileRef = A00000150000000000000001 /* Preview Assets.xcassets */; };
		A00000060000000000000001 /* HealthKit.framework in Frameworks */ = {isa = PBXBuildFile; fileRef = A00000170000000000000001 /* HealthKit.framework */; };
		A00000070000000000000001 /* AuthMode.swift in Sources */ = {isa = PBXBuildFile; fileRef = A000001A000000000000001 /* AuthMode.swift */; };
		A00000080000000000000001 /* AuthScreen.swift in Sources */ = {isa = PBXBuildFile; fileRef = A000001B000000000000001 /* AuthScreen.swift */; };
		A00000090000000000000001 /* HAYFColor.swift in Sources */ = {isa = PBXBuildFile; fileRef = A000001C000000000000001 /* HAYFColor.swift */; };
		A000000A000000000000001 /* HAYFLogo.swift in Sources */ = {isa = PBXBuildFile; fileRef = A000001D000000000000001 /* HAYFLogo.swift */; };
		A000000B000000000000001 /* HealthPermissionsPrototypeView.swift in Sources */ = {isa = PBXBuildFile; fileRef = A000001E000000000000001 /* HealthPermissionsPrototypeView.swift */; };
		A000000C000000000000001 /* SupabaseClientProvider.swift in Sources */ = {isa = PBXBuildFile; fileRef = A000001F000000000000001 /* SupabaseClientProvider.swift */; };
		A000000D000000000000001 /* AuthViewModel.swift in Sources */ = {isa = PBXBuildFile; fileRef = A0000020000000000000001 /* AuthViewModel.swift */; };
		A000000E000000000000001 /* AuthenticatedHomeView.swift in Sources */ = {isa = PBXBuildFile; fileRef = A0000024000000000000001 /* AuthenticatedHomeView.swift */; };
		A000000F000000000000001 /* Supabase in Frameworks */ = {isa = PBXBuildFile; productRef = A0000022000000000000001 /* Supabase */; };
		A000001000000000000001 /* AccountCreationView.swift in Sources */ = {isa = PBXBuildFile; fileRef = A0000025000000000000001 /* AccountCreationView.swift */; };
		A000001100000000000001 /* AccountProfileStore.swift in Sources */ = {isa = PBXBuildFile; fileRef = A0000026000000000000001 /* AccountProfileStore.swift */; };
		A000001200000000000001 /* OnboardingFlowView.swift in Sources */ = {isa = PBXBuildFile; fileRef = A0000027000000000000001 /* OnboardingFlowView.swift */; };
/* End PBXBuildFile section */

/* Begin PBXFileReference section */
		A00000110000000000000001 /* HAYFApp.swift */ = {isa = PBXFileReference; lastKnownFileType = sourcecode.swift; path = HAYFApp.swift; sourceTree = "<group>"; };
		A00000120000000000000001 /* AppRootView.swift */ = {isa = PBXFileReference; lastKnownFileType = sourcecode.swift; path = AppRootView.swift; sourceTree = "<group>"; };
		A00000130000000000000001 /* HealthKitManager.swift */ = {isa = PBXFileReference; lastKnownFileType = sourcecode.swift; path = HealthKitManager.swift; sourceTree = "<group>"; };
		A00000140000000000000001 /* Assets.xcassets */ = {isa = PBXFileReference; lastKnownFileType = folder.assetcatalog; path = Assets.xcassets; sourceTree = "<group>"; };
		A00000150000000000000001 /* Preview Assets.xcassets */ = {isa = PBXFileReference; lastKnownFileType = folder.assetcatalog; path = "Preview Assets.xcassets"; sourceTree = "<group>"; };
		A00000160000000000000001 /* Info.plist */ = {isa = PBXFileReference; lastKnownFileType = text.plist.xml; path = Info.plist; sourceTree = "<group>"; };
		A00000170000000000000001 /* HealthKit.framework */ = {isa = PBXFileReference; lastKnownFileType = wrapper.framework; name = HealthKit.framework; path = System/Library/Frameworks/HealthKit.framework; sourceTree = SDKROOT; };
		A00000180000000000000001 /* HAYF.app */ = {isa = PBXFileReference; explicitFileType = wrapper.application; path = HAYF.app; sourceTree = BUILT_PRODUCTS_DIR; };
		A00000190000000000000001 /* HAYFHealthKitPrototype.entitlements */ = {isa = PBXFileReference; lastKnownFileType = text.plist.entitlements; path = HAYFHealthKitPrototype.entitlements; sourceTree = "<group>"; };
		A000001A000000000000001 /* AuthMode.swift */ = {isa = PBXFileReference; lastKnownFileType = sourcecode.swift; path = AuthMode.swift; sourceTree = "<group>"; };
		A000001B000000000000001 /* AuthScreen.swift */ = {isa = PBXFileReference; lastKnownFileType = sourcecode.swift; path = AuthScreen.swift; sourceTree = "<group>"; };
		A000001C000000000000001 /* HAYFColor.swift */ = {isa = PBXFileReference; lastKnownFileType = sourcecode.swift; path = HAYFColor.swift; sourceTree = "<group>"; };
		A000001D000000000000001 /* HAYFLogo.swift */ = {isa = PBXFileReference; lastKnownFileType = sourcecode.swift; path = HAYFLogo.swift; sourceTree = "<group>"; };
		A000001E000000000000001 /* HealthPermissionsPrototypeView.swift */ = {isa = PBXFileReference; lastKnownFileType = sourcecode.swift; path = HealthPermissionsPrototypeView.swift; sourceTree = "<group>"; };
		A000001F000000000000001 /* SupabaseClientProvider.swift */ = {isa = PBXFileReference; lastKnownFileType = sourcecode.swift; path = SupabaseClientProvider.swift; sourceTree = "<group>"; };
		A0000020000000000000001 /* AuthViewModel.swift */ = {isa = PBXFileReference; lastKnownFileType = sourcecode.swift; path = AuthViewModel.swift; sourceTree = "<group>"; };
		A0000024000000000000001 /* AuthenticatedHomeView.swift */ = {isa = PBXFileReference; lastKnownFileType = sourcecode.swift; path = AuthenticatedHomeView.swift; sourceTree = "<group>"; };
		A0000025000000000000001 /* AccountCreationView.swift */ = {isa = PBXFileReference; lastKnownFileType = sourcecode.swift; path = AccountCreationView.swift; sourceTree = "<group>"; };
		A0000026000000000000001 /* AccountProfileStore.swift */ = {isa = PBXFileReference; lastKnownFileType = sourcecode.swift; path = AccountProfileStore.swift; sourceTree = "<group>"; };
		A0000027000000000000001 /* OnboardingFlowView.swift */ = {isa = PBXFileReference; lastKnownFileType = sourcecode.swift; path = OnboardingFlowView.swift; sourceTree = "<group>"; };
/* End PBXFileReference section */

/* Begin PBXFrameworksBuildPhase section */
		A00000210000000000000001 /* Frameworks */ = {
			isa = PBXFrameworksBuildPhase;
			buildActionMask = 2147483647;
			files = (
				A00000060000000000000001 /* HealthKit.framework in Frameworks */,
				A000000F000000000000001 /* Supabase in Frameworks */,
			);
			runOnlyForDeploymentPostprocessing = 0;
		};
/* End PBXFrameworksBuildPhase section */

/* Begin PBXGroup section */
		A00000310000000000000001 = {
			isa = PBXGroup;
			children = (
				A00000320000000000000001 /* HAYFHealthKitPrototype */,
				A00000330000000000000001 /* Products */,
				A00000340000000000000001 /* Frameworks */,
			);
			sourceTree = "<group>";
		};
		A00000320000000000000001 /* HAYFHealthKitPrototype */ = {
			isa = PBXGroup;
			children = (
				A00000360000000000000001 /* App */,
				A00000370000000000000001 /* Auth */,
				A00000380000000000000001 /* DesignSystem */,
				A00000390000000000000001 /* Health */,
				A000003A000000000000001 /* Onboarding */,
				A00000140000000000000001 /* Assets.xcassets */,
				A00000350000000000000001 /* Preview Content */,
				A00000160000000000000001 /* Info.plist */,
				A00000190000000000000001 /* HAYFHealthKitPrototype.entitlements */,
			);
			path = HAYFHealthKitPrototype;
			sourceTree = "<group>";
		};
		A00000330000000000000001 /* Products */ = {
			isa = PBXGroup;
			children = (
				A00000180000000000000001 /* HAYF.app */,
			);
			name = Products;
			sourceTree = "<group>";
		};
		A00000340000000000000001 /* Frameworks */ = {
			isa = PBXGroup;
			children = (
				A00000170000000000000001 /* HealthKit.framework */,
			);
			name = Frameworks;
			sourceTree = "<group>";
		};
		A00000350000000000000001 /* Preview Content */ = {
			isa = PBXGroup;
			children = (
				A00000150000000000000001 /* Preview Assets.xcassets */,
			);
			path = "Preview Content";
			sourceTree = "<group>";
		};
		A00000360000000000000001 /* App */ = {
			isa = PBXGroup;
			children = (
				A00000110000000000000001 /* HAYFApp.swift */,
				A00000120000000000000001 /* AppRootView.swift */,
			);
			path = App;
			sourceTree = "<group>";
		};
		A00000370000000000000001 /* Auth */ = {
			isa = PBXGroup;
			children = (
				A000001A000000000000001 /* AuthMode.swift */,
				A000001B000000000000001 /* AuthScreen.swift */,
				A0000025000000000000001 /* AccountCreationView.swift */,
				A0000026000000000000001 /* AccountProfileStore.swift */,
				A0000020000000000000001 /* AuthViewModel.swift */,
				A0000024000000000000001 /* AuthenticatedHomeView.swift */,
				A000001F000000000000001 /* SupabaseClientProvider.swift */,
			);
			path = Auth;
			sourceTree = "<group>";
		};
		A00000380000000000000001 /* DesignSystem */ = {
			isa = PBXGroup;
			children = (
				A000001C000000000000001 /* HAYFColor.swift */,
				A000001D000000000000001 /* HAYFLogo.swift */,
			);
			path = DesignSystem;
			sourceTree = "<group>";
		};
		A00000390000000000000001 /* Health */ = {
			isa = PBXGroup;
			children = (
				A00000130000000000000001 /* HealthKitManager.swift */,
				A000001E000000000000001 /* HealthPermissionsPrototypeView.swift */,
			);
			path = Health;
			sourceTree = "<group>";
		};
		A000003A000000000000001 /* Onboarding */ = {
			isa = PBXGroup;
			children = (
				A0000027000000000000001 /* OnboardingFlowView.swift */,
			);
			path = Onboarding;
			sourceTree = "<group>";
		};
/* End PBXGroup section */

/* Begin PBXNativeTarget section */
		A00000410000000000000001 /* HAYFHealthKitPrototype */ = {
			isa = PBXNativeTarget;
			buildConfigurationList = A00000510000000000000001 /* Build configuration list for PBXNativeTarget "HAYFHealthKitPrototype" */;
			buildPhases = (
				A00000220000000000000001 /* Sources */,
				A00000210000000000000001 /* Frameworks */,
				A00000230000000000000001 /* Resources */,
			);
			buildRules = (
			);
			dependencies = (
			);
			name = HAYFHealthKitPrototype;
			packageProductDependencies = (
				A0000022000000000000001 /* Supabase */,
			);
			productName = HAYF;
			productReference = A00000180000000000000001 /* HAYF.app */;
			productType = "com.apple.product-type.application";
		};
/* End PBXNativeTarget section */

/* Begin PBXProject section */
		A00000420000000000000001 /* Project object */ = {
			isa = PBXProject;
			attributes = {
				BuildIndependentTargetsInParallel = 1;
				LastSwiftUpdateCheck = 1640;
				LastUpgradeCheck = 1640;
				TargetAttributes = {
					A00000410000000000000001 = {
						CreatedOnToolsVersion = 16.4;
					};
				};
			};
			buildConfigurationList = A00000520000000000000001 /* Build configuration list for PBXProject "HAYFHealthKitPrototype" */;
			compatibilityVersion = "Xcode 14.0";
			developmentRegion = en;
			hasScannedForEncodings = 0;
			knownRegions = (
				en,
				Base,
			);
			mainGroup = A00000310000000000000001;
			packageReferences = (
				A0000021000000000000001 /* XCRemoteSwiftPackageReference "supabase-swift" */,
			);
			productRefGroup = A00000330000000000000001 /* Products */;
			projectDirPath = "";
			projectRoot = "";
			targets = (
				A00000410000000000000001 /* HAYFHealthKitPrototype */,
			);
		};
/* End PBXProject section */

/* Begin PBXResourcesBuildPhase section */
		A00000230000000000000001 /* Resources */ = {
			isa = PBXResourcesBuildPhase;
			buildActionMask = 2147483647;
			files = (
				A00000040000000000000001 /* Assets.xcassets in Resources */,
				A00000050000000000000001 /* Preview Assets.xcassets in Resources */,
			);
			runOnlyForDeploymentPostprocessing = 0;
		};
/* End PBXResourcesBuildPhase section */

/* Begin PBXSourcesBuildPhase section */
		A00000220000000000000001 /* Sources */ = {
			isa = PBXSourcesBuildPhase;
			buildActionMask = 2147483647;
			files = (
				A00000010000000000000001 /* HAYFApp.swift in Sources */,
				A00000020000000000000001 /* AppRootView.swift in Sources */,
				A00000070000000000000001 /* AuthMode.swift in Sources */,
				A00000080000000000000001 /* AuthScreen.swift in Sources */,
				A000001000000000000001 /* AccountCreationView.swift in Sources */,
				A000001100000000000001 /* AccountProfileStore.swift in Sources */,
				A000000D000000000000001 /* AuthViewModel.swift in Sources */,
				A000000E000000000000001 /* AuthenticatedHomeView.swift in Sources */,
				A000000C000000000000001 /* SupabaseClientProvider.swift in Sources */,
				A00000090000000000000001 /* HAYFColor.swift in Sources */,
				A000000A000000000000001 /* HAYFLogo.swift in Sources */,
				A000001200000000000001 /* OnboardingFlowView.swift in Sources */,
				A00000030000000000000001 /* HealthKitManager.swift in Sources */,
				A000000B000000000000001 /* HealthPermissionsPrototypeView.swift in Sources */,
			);
			runOnlyForDeploymentPostprocessing = 0;
		};
/* End PBXSourcesBuildPhase section */

/* Begin XCRemoteSwiftPackageReference section */
		A0000021000000000000001 /* XCRemoteSwiftPackageReference "supabase-swift" */ = {
			isa = XCRemoteSwiftPackageReference;
			repositoryURL = "https://github.com/supabase/supabase-swift.git";
			requirement = {
				kind = upToNextMajorVersion;
				minimumVersion = 2.0.0;
			};
		};
/* End XCRemoteSwiftPackageReference section */

/* Begin XCSwiftPackageProductDependency section */
		A0000022000000000000001 /* Supabase */ = {
			isa = XCSwiftPackageProductDependency;
			package = A0000021000000000000001 /* XCRemoteSwiftPackageReference "supabase-swift" */;
			productName = Supabase;
		};
/* End XCSwiftPackageProductDependency section */

/* Begin XCBuildConfiguration section */
		A00000610000000000000001 /* Debug */ = {
			isa = XCBuildConfiguration;
			buildSettings = {
				ALWAYS_SEARCH_USER_PATHS = NO;
				CLANG_ENABLE_MODULES = YES;
				CLANG_ENABLE_OBJC_ARC = YES;
				CLANG_WARN_DOCUMENTATION_COMMENTS = YES;
				CLANG_WARN_UNGUARDED_AVAILABILITY = YES_AGGRESSIVE;
				COPY_PHASE_STRIP = NO;
				DEBUG_INFORMATION_FORMAT = dwarf;
				ENABLE_STRICT_OBJC_MSGSEND = YES;
				GCC_C_LANGUAGE_STANDARD = gnu17;
				GCC_NO_COMMON_BLOCKS = YES;
				GCC_OPTIMIZATION_LEVEL = 0;
				GCC_PREPROCESSOR_DEFINITIONS = (
					"DEBUG=1",
					"$(inherited)",
				);
				IPHONEOS_DEPLOYMENT_TARGET = 17.0;
				SDKROOT = iphoneos;
				SWIFT_VERSION = 5.0;
			};
			name = Debug;
		};
		A00000620000000000000001 /* Release */ = {
			isa = XCBuildConfiguration;
			buildSettings = {
				ALWAYS_SEARCH_USER_PATHS = NO;
				CLANG_ENABLE_MODULES = YES;
				CLANG_ENABLE_OBJC_ARC = YES;
				CLANG_WARN_DOCUMENTATION_COMMENTS = YES;
				CLANG_WARN_UNGUARDED_AVAILABILITY = YES_AGGRESSIVE;
				COPY_PHASE_STRIP = NO;
				DEBUG_INFORMATION_FORMAT = "dwarf-with-dsym";
				ENABLE_NS_ASSERTIONS = NO;
				ENABLE_STRICT_OBJC_MSGSEND = YES;
				GCC_C_LANGUAGE_STANDARD = gnu17;
				GCC_NO_COMMON_BLOCKS = YES;
				IPHONEOS_DEPLOYMENT_TARGET = 17.0;
				SDKROOT = iphoneos;
				SWIFT_VERSION = 5.0;
			};
			name = Release;
		};
		A00000630000000000000001 /* Debug */ = {
			isa = XCBuildConfiguration;
			buildSettings = {
				ASSETCATALOG_COMPILER_APPICON_NAME = AppIcon;
				ASSETCATALOG_COMPILER_GLOBAL_ACCENT_COLOR_NAME = AccentColor;
				CODE_SIGN_ENTITLEMENTS = HAYFHealthKitPrototype/HAYFHealthKitPrototype.entitlements;
				CURRENT_PROJECT_VERSION = 1;
				DEVELOPMENT_ASSET_PATHS = "\"HAYFHealthKitPrototype/Preview Content\"";
				DEVELOPMENT_TEAM = C46LARA4B9;
				GENERATE_INFOPLIST_FILE = NO;
				INFOPLIST_FILE = HAYFHealthKitPrototype/Info.plist;
				INFOPLIST_KEY_UIApplicationSupportsIndirectInputEvents = YES;
				IPHONEOS_DEPLOYMENT_TARGET = 17.0;
				LD_RUNPATH_SEARCH_PATHS = (
					"$(inherited)",
					"@executable_path/Frameworks",
				);
				MARKETING_VERSION = 1.0;
				PRODUCT_BUNDLE_IDENTIFIER = com.hayf.prototype.healthkit;
				PRODUCT_NAME = HAYF;
				SUPPORTED_PLATFORMS = "iphoneos iphonesimulator";
				SWIFT_EMIT_LOC_STRINGS = YES;
				SWIFT_VERSION = 5.0;
				TARGETED_DEVICE_FAMILY = 1;
			};
			name = Debug;
		};
		A00000640000000000000001 /* Release */ = {
			isa = XCBuildConfiguration;
			buildSettings = {
				ASSETCATALOG_COMPILER_APPICON_NAME = AppIcon;
				ASSETCATALOG_COMPILER_GLOBAL_ACCENT_COLOR_NAME = AccentColor;
				CODE_SIGN_ENTITLEMENTS = HAYFHealthKitPrototype/HAYFHealthKitPrototype.entitlements;
				CURRENT_PROJECT_VERSION = 1;
				DEVELOPMENT_ASSET_PATHS = "\"HAYFHealthKitPrototype/Preview Content\"";
				DEVELOPMENT_TEAM = C46LARA4B9;
				GENERATE_INFOPLIST_FILE = NO;
				INFOPLIST_FILE = HAYFHealthKitPrototype/Info.plist;
				IPHONEOS_DEPLOYMENT_TARGET = 17.0;
				LD_RUNPATH_SEARCH_PATHS = (
					"$(inherited)",
					"@executable_path/Frameworks",
				);
				MARKETING_VERSION = 1.0;
				PRODUCT_BUNDLE_IDENTIFIER = com.hayf.prototype.healthkit;
				PRODUCT_NAME = HAYF;
				SUPPORTED_PLATFORMS = "iphoneos iphonesimulator";
				SWIFT_EMIT_LOC_STRINGS = YES;
				SWIFT_VERSION = 5.0;
				TARGETED_DEVICE_FAMILY = 1;
			};
			name = Release;
		};
/* End XCBuildConfiguration section */

/* Begin XCConfigurationList section */
		A00000510000000000000001 /* Build configuration list for PBXNativeTarget "HAYFHealthKitPrototype" */ = {
			isa = XCConfigurationList;
			buildConfigurations = (
				A00000630000000000000001 /* Debug */,
				A00000640000000000000001 /* Release */,
			);
			defaultConfigurationIsVisible = 0;
			defaultConfigurationName = Release;
		};
		A00000520000000000000001 /* Build configuration list for PBXProject "HAYFHealthKitPrototype" */ = {
			isa = XCConfigurationList;
			buildConfigurations = (
				A00000610000000000000001 /* Debug */,
				A00000620000000000000001 /* Release */,
			);
			defaultConfigurationIsVisible = 0;
			defaultConfigurationName = Release;
		};
/* End XCConfigurationList section */
	};
	rootObject = A00000420000000000000001 /* Project object */;
}
